
Microsoft Visual Studio Solution File, Format Version 12.00
# Visual Studio 15
VisualStudioVersion = 15.0.28010.2046
MinimumVisualStudioVersion = 10.0.40219.1
Project("{8BC9CEB8-8B4A-11D0-8D11-00A0C91BC942}") = "OpenEDA.Structures.lib", "OpenEDA.structures\OpenEDA.Structures.lib\OpenEDA.Structures.lib.vcxproj", "{8C0AC38B-40D1-4F97-9763-FD9251FF2122}"
	ProjectSection(ProjectDependencies) = postProject
		{8EB08747-9683-4954-B8A7-5E2B264A887D} = {8EB08747-9683-4954-B8A7-5E2B264A887D}
		{C14BB54B-2EF9-4A17-9FF6-34A182FD5F48} = {C14BB54B-2EF9-4A17-9FF6-34A182FD5F48}
		{F74F6A64-FBA4-4985-8339-A7B11239BC3A} = {F74F6A64-FBA4-4985-8339-A7B11239BC3A}
		{53C55390-A3BC-4288-AAEC-BAB6BE900135} = {53C55390-A3BC-4288-AAEC-BAB6BE900135}
	EndProjectSection
EndProject
Project("{8BC9CEB8-8B4A-11D0-8D11-00A0C91BC942}") = "DELETE.exe", "OpenEDA.SAT\DELETE.exe\DELETE.exe.vcxproj", "{BF71B5C0-A9AF-4995-91B2-B55445695421}"
EndProject
Project("{2150E333-8FDC-42A3-9474-1A3956D46DE8}") = "Solution Items", "Solution Items", "{F56906F3-D37E-4552-95A6-082D4C87EC0F}"
EndProject
Project("{8BC9CEB8-8B4A-11D0-8D11-00A0C91BC942}") = "OpenEDA.Parser.lib", "OpenEDA.Parser\OpenEDA.Parser.lib\OpenEDA.Parser.lib.vcxproj", "{C14BB54B-2EF9-4A17-9FF6-34A182FD5F48}"
EndProject
Project("{8BC9CEB8-8B4A-11D0-8D11-00A0C91BC942}") = "main", "main\main.vcxproj", "{2C99D993-7A1B-480C-B01C-1B08D8D7C1EA}"
EndProject
Project("{8BC9CEB8-8B4A-11D0-8D11-00A0C91BC942}") = "OpenEDA.COP.lib", "OpenEDA.COP\OpenEDA.COP.lib\OpenEDA.COP.lib.vcxproj", "{53C55390-A3BC-4288-AAEC-BAB6BE900135}"
EndProject
Project("{8BC9CEB8-8B4A-11D0-8D11-00A0C91BC942}") = "OpenEDA.Faults.lib", "OpenEDA.Faults\OpenEDA.Faults.lib\OpenEDA.Faults.lib.vcxproj", "{F74F6A64-FBA4-4985-8339-A7B11239BC3A}"
EndProject
Project("{8BC9CEB8-8B4A-11D0-8D11-00A0C91BC942}") = "OpenEDA.PRPG.lib", "OpenEDA.PRPG\OpenEDA.PRPG.lib\OpenEDA.PRPG.lib.vcxproj", "{9A9A0A01-B921-4785-8F71-362FBC508B9B}"
EndProject
Project("{8BC9CEB8-8B4A-11D0-8D11-00A0C91BC942}") = "OpenEDA.Simulation.lib", "OpenEDA.Simulation\OpenEDA.Simulation.lib\OpenEDA.Simulation.lib.vcxproj", "{E00AEDBF-CA63-4E1F-975A-E8CB144EA7F2}"
EndProject
Project("{8BC9CEB8-8B4A-11D0-8D11-00A0C91BC942}") = "OpenEDA.TPI.lib", "OpenEDA.TPI\OpenEDA.TPI.lib\OpenEDA.TPI.lib.vcxproj", "{8EB08747-9683-4954-B8A7-5E2B264A887D}"
EndProject
Project("{8BC9CEB8-8B4A-11D0-8D11-00A0C91BC942}") = "OpenEDA.Parser.test", "OpenEDA.Parser\OpenEDA.Parser.test\OpenEDA.Parser.test.vcxproj", "{A987D47E-6ED8-4D61-83DC-9FC7F45EA7FE}"
EndProject
Project("{8BC9CEB8-8B4A-11D0-8D11-00A0C91BC942}") = "OpenEDA.COP.tests", "OpenEDA.COP\OpenEDA.COP.tests\OpenEDA.COP.tests.vcxproj", "{5D3C066B-B7DC-4A96-89C7-43ADC43643DC}"
EndProject
Project("{8BC9CEB8-8B4A-11D0-8D11-00A0C91BC942}") = "OpenEDA.PRPG.tests", "OpenEDA.PRPG\OpenEDA.PRPG.tests\OpenEDA.PRPG.tests.vcxproj", "{C58649F2-A051-4424-87A2-1511F9963A06}"
EndProject
Project("{8BC9CEB8-8B4A-11D0-8D11-00A0C91BC942}") = "OpenEDA.Simulation.tests", "OpenEDA.Simulation\OpenEDA.Simulation.tests\OpenEDA.Simulation.tests.vcxproj", "{D48B9F05-3E92-4CD3-9E7E-680F82B0EFA8}"
EndProject
Project("{8BC9CEB8-8B4A-11D0-8D11-00A0C91BC942}") = "OpenEDA.Structures.tests", "OpenEDA.structures\OpenEDA.Structures.tests\OpenEDA.Structures.tests.vcxproj", "{CCE5DE2F-5ABF-495D-B20C-DB6EBCC5B33F}"
EndProject
Project("{8BC9CEB8-8B4A-11D0-8D11-00A0C91BC942}") = "OpenEDA.Faults.tests", "OpenEDA.Faults\OpenEDA.Faults.tests\OpenEDA.Faults.tests.vcxproj", "{2EFBF4B8-58D3-4F21-BDD3-A86E0B5EB938}"
EndProject
Project("{8BC9CEB8-8B4A-11D0-8D11-00A0C91BC942}") = "OpenEDA.Expand.lib", "OpenEDA.Expand\OpenEDA.Expand.lib\OpenEDA.Expand.lib.vcxproj", "{FC22B2E7-C2F9-470E-BF95-2FA5BB77EF5B}"
EndProject
Project("{8BC9CEB8-8B4A-11D0-8D11-00A0C91BC942}") = "OpenEDA.Window.lib", "OpenEDA.Window\OpenEDA.Window.lib\OpenEDA.Window.lib.vcxproj", "{C17F9E89-05DD-4E08-B7AA-38E058B951E4}"
EndProject
Project("{8BC9CEB8-8B4A-11D0-8D11-00A0C91BC942}") = "OpenEDA.Expand.tests", "OpenEDA.Expand\OpenEDA.Expand.tests\OpenEDA.Expand.tests.vcxproj", "{3A227861-76C2-413C-8D0C-89AC4C581EA7}"
EndProject
Project("{8BC9CEB8-8B4A-11D0-8D11-00A0C91BC942}") = "OpenEDA.Window.test", "OpenEDA.Window\OpenEDA.Window.test\OpenEDA.Window.test.vcxproj", "{BF29ED6C-3355-409F-9567-FC93E2C63BC8}"
EndProject
Project("{8BC9CEB8-8B4A-11D0-8D11-00A0C91BC942}") = "OpenEDA.ATPG.lib", "OpenEDA.ATPG\OpenEDA.ATPG.lib\OpenEDA.ATPG.lib.vcxproj", "{4356114A-E343-4B65-8393-FF7D93F515EB}"
EndProject
Project("{8BC9CEB8-8B4A-11D0-8D11-00A0C91BC942}") = "OpenEDA.SAT.lib", "OpenEDA.SAT\OpenEDA.SAT.lib\OpenEDA.SAT.lib.vcxproj", "{9E1DA74F-AAC6-4397-A727-9469F2F34916}"
EndProject
Project("{8BC9CEB8-8B4A-11D0-8D11-00A0C91BC942}") = "OpenEDA.SAT.tests", "OpenEDA.SAT\OpenEDA.SAT.tests\OpenEDA.SAT.tests.vcxproj", "{AC6AFF28-8C14-49D4-A40C-23334D76B914}"
EndProject
Project("{8BC9CEB8-8B4A-11D0-8D11-00A0C91BC942}") = "OpenEDA.ATPG.tests", "OpenEDA.ATPG\OpenEDA.ATPG.tests\OpenEDA.ATPG.tests.vcxproj", "{FC258BB5-53B4-4399-A95C-628F630F3123}"
EndProject
Global
	GlobalSection(SolutionConfigurationPlatforms) = preSolution
		Debug|WIN32 = Debug|WIN32
		Debug|x64 = Debug|x64
		Debug|x86 = Debug|x86
		Release|WIN32 = Release|WIN32
		Release|x64 = Release|x64
		Release|x86 = Release|x86
	EndGlobalSection
	GlobalSection(ProjectConfigurationPlatforms) = postSolution
		{8C0AC38B-40D1-4F97-9763-FD9251FF2122}.Debug|WIN32.ActiveCfg = Debug|Win32
		{8C0AC38B-40D1-4F97-9763-FD9251FF2122}.Debug|WIN32.Build.0 = Debug|Win32
		{8C0AC38B-40D1-4F97-9763-FD9251FF2122}.Debug|x64.ActiveCfg = Debug|x64
		{8C0AC38B-40D1-4F97-9763-FD9251FF2122}.Debug|x64.Build.0 = Debug|x64
		{8C0AC38B-40D1-4F97-9763-FD9251FF2122}.Debug|x86.ActiveCfg = Debug|Win32
		{8C0AC38B-40D1-4F97-9763-FD9251FF2122}.Debug|x86.Build.0 = Debug|Win32
		{8C0AC38B-40D1-4F97-9763-FD9251FF2122}.Release|WIN32.ActiveCfg = Release|Win32
		{8C0AC38B-40D1-4F97-9763-FD9251FF2122}.Release|WIN32.Build.0 = Release|Win32
		{8C0AC38B-40D1-4F97-9763-FD9251FF2122}.Release|x64.ActiveCfg = Release|x64
		{8C0AC38B-40D1-4F97-9763-FD9251FF2122}.Release|x64.Build.0 = Release|x64
		{8C0AC38B-40D1-4F97-9763-FD9251FF2122}.Release|x86.ActiveCfg = Release|Win32
		{8C0AC38B-40D1-4F97-9763-FD9251FF2122}.Release|x86.Build.0 = Release|Win32
		{BF71B5C0-A9AF-4995-91B2-B55445695421}.Debug|WIN32.ActiveCfg = Debug|Win32
		{BF71B5C0-A9AF-4995-91B2-B55445695421}.Debug|x64.ActiveCfg = Debug|x64
		{BF71B5C0-A9AF-4995-91B2-B55445695421}.Debug|x64.Build.0 = Debug|x64
		{BF71B5C0-A9AF-4995-91B2-B55445695421}.Debug|x86.ActiveCfg = Debug|Win32
		{BF71B5C0-A9AF-4995-91B2-B55445695421}.Debug|x86.Build.0 = Debug|Win32
		{BF71B5C0-A9AF-4995-91B2-B55445695421}.Release|WIN32.ActiveCfg = Release|Win32
		{BF71B5C0-A9AF-4995-91B2-B55445695421}.Release|WIN32.Build.0 = Release|Win32
		{BF71B5C0-A9AF-4995-91B2-B55445695421}.Release|x64.ActiveCfg = Release|x64
		{BF71B5C0-A9AF-4995-91B2-B55445695421}.Release|x64.Build.0 = Release|x64
		{BF71B5C0-A9AF-4995-91B2-B55445695421}.Release|x86.ActiveCfg = Release|Win32
		{BF71B5C0-A9AF-4995-91B2-B55445695421}.Release|x86.Build.0 = Release|Win32
		{C14BB54B-2EF9-4A17-9FF6-34A182FD5F48}.Debug|WIN32.ActiveCfg = Debug|Win32
		{C14BB54B-2EF9-4A17-9FF6-34A182FD5F48}.Debug|WIN32.Build.0 = Debug|Win32
		{C14BB54B-2EF9-4A17-9FF6-34A182FD5F48}.Debug|x64.ActiveCfg = Debug|x64
		{C14BB54B-2EF9-4A17-9FF6-34A182FD5F48}.Debug|x64.Build.0 = Debug|x64
		{C14BB54B-2EF9-4A17-9FF6-34A182FD5F48}.Debug|x86.ActiveCfg = Debug|Win32
		{C14BB54B-2EF9-4A17-9FF6-34A182FD5F48}.Debug|x86.Build.0 = Debug|Win32
		{C14BB54B-2EF9-4A17-9FF6-34A182FD5F48}.Release|WIN32.ActiveCfg = Release|Win32
		{C14BB54B-2EF9-4A17-9FF6-34A182FD5F48}.Release|WIN32.Build.0 = Release|Win32
		{C14BB54B-2EF9-4A17-9FF6-34A182FD5F48}.Release|x64.ActiveCfg = Release|x64
		{C14BB54B-2EF9-4A17-9FF6-34A182FD5F48}.Release|x64.Build.0 = Release|x64
		{C14BB54B-2EF9-4A17-9FF6-34A182FD5F48}.Release|x86.ActiveCfg = Release|Win32
		{C14BB54B-2EF9-4A17-9FF6-34A182FD5F48}.Release|x86.Build.0 = Release|Win32
		{2C99D993-7A1B-480C-B01C-1B08D8D7C1EA}.Debug|WIN32.ActiveCfg = Debug|Win32
		{2C99D993-7A1B-480C-B01C-1B08D8D7C1EA}.Debug|WIN32.Build.0 = Debug|Win32
		{2C99D993-7A1B-480C-B01C-1B08D8D7C1EA}.Debug|x64.ActiveCfg = Debug|x64
		{2C99D993-7A1B-480C-B01C-1B08D8D7C1EA}.Debug|x64.Build.0 = Debug|x64
		{2C99D993-7A1B-480C-B01C-1B08D8D7C1EA}.Debug|x86.ActiveCfg = Debug|Win32
		{2C99D993-7A1B-480C-B01C-1B08D8D7C1EA}.Debug|x86.Build.0 = Debug|Win32
		{2C99D993-7A1B-480C-B01C-1B08D8D7C1EA}.Release|WIN32.ActiveCfg = Release|Win32
		{2C99D993-7A1B-480C-B01C-1B08D8D7C1EA}.Release|WIN32.Build.0 = Release|Win32
		{2C99D993-7A1B-480C-B01C-1B08D8D7C1EA}.Release|x64.ActiveCfg = Release|x64
		{2C99D993-7A1B-480C-B01C-1B08D8D7C1EA}.Release|x64.Build.0 = Release|x64
		{2C99D993-7A1B-480C-B01C-1B08D8D7C1EA}.Release|x86.ActiveCfg = Release|Win32
		{2C99D993-7A1B-480C-B01C-1B08D8D7C1EA}.Release|x86.Build.0 = Release|Win32
		{53C55390-A3BC-4288-AAEC-BAB6BE900135}.Debug|WIN32.ActiveCfg = Debug|Win32
		{53C55390-A3BC-4288-AAEC-BAB6BE900135}.Debug|WIN32.Build.0 = Debug|Win32
		{53C55390-A3BC-4288-AAEC-BAB6BE900135}.Debug|x64.ActiveCfg = Debug|x64
		{53C55390-A3BC-4288-AAEC-BAB6BE900135}.Debug|x64.Build.0 = Debug|x64
		{53C55390-A3BC-4288-AAEC-BAB6BE900135}.Debug|x86.ActiveCfg = Debug|Win32
		{53C55390-A3BC-4288-AAEC-BAB6BE900135}.Debug|x86.Build.0 = Debug|Win32
		{53C55390-A3BC-4288-AAEC-BAB6BE900135}.Release|WIN32.ActiveCfg = Release|Win32
		{53C55390-A3BC-4288-AAEC-BAB6BE900135}.Release|WIN32.Build.0 = Release|Win32
		{53C55390-A3BC-4288-AAEC-BAB6BE900135}.Release|x64.ActiveCfg = Release|x64
		{53C55390-A3BC-4288-AAEC-BAB6BE900135}.Release|x64.Build.0 = Release|x64
		{53C55390-A3BC-4288-AAEC-BAB6BE900135}.Release|x86.ActiveCfg = Release|Win32
		{53C55390-A3BC-4288-AAEC-BAB6BE900135}.Release|x86.Build.0 = Release|Win32
		{F74F6A64-FBA4-4985-8339-A7B11239BC3A}.Debug|WIN32.ActiveCfg = Debug|Win32
		{F74F6A64-FBA4-4985-8339-A7B11239BC3A}.Debug|WIN32.Build.0 = Debug|Win32
		{F74F6A64-FBA4-4985-8339-A7B11239BC3A}.Debug|x64.ActiveCfg = Debug|x64
		{F74F6A64-FBA4-4985-8339-A7B11239BC3A}.Debug|x64.Build.0 = Debug|x64
		{F74F6A64-FBA4-4985-8339-A7B11239BC3A}.Debug|x86.ActiveCfg = Debug|Win32
		{F74F6A64-FBA4-4985-8339-A7B11239BC3A}.Debug|x86.Build.0 = Debug|Win32
		{F74F6A64-FBA4-4985-8339-A7B11239BC3A}.Release|WIN32.ActiveCfg = Release|Win32
		{F74F6A64-FBA4-4985-8339-A7B11239BC3A}.Release|WIN32.Build.0 = Release|Win32
		{F74F6A64-FBA4-4985-8339-A7B11239BC3A}.Release|x64.ActiveCfg = Release|x64
		{F74F6A64-FBA4-4985-8339-A7B11239BC3A}.Release|x64.Build.0 = Release|x64
		{F74F6A64-FBA4-4985-8339-A7B11239BC3A}.Release|x86.ActiveCfg = Release|Win32
		{F74F6A64-FBA4-4985-8339-A7B11239BC3A}.Release|x86.Build.0 = Release|Win32
		{9A9A0A01-B921-4785-8F71-362FBC508B9B}.Debug|WIN32.ActiveCfg = Debug|Win32
		{9A9A0A01-B921-4785-8F71-362FBC508B9B}.Debug|WIN32.Build.0 = Debug|Win32
		{9A9A0A01-B921-4785-8F71-362FBC508B9B}.Debug|x64.ActiveCfg = Debug|x64
		{9A9A0A01-B921-4785-8F71-362FBC508B9B}.Debug|x64.Build.0 = Debug|x64
		{9A9A0A01-B921-4785-8F71-362FBC508B9B}.Debug|x86.ActiveCfg = Debug|Win32
		{9A9A0A01-B921-4785-8F71-362FBC508B9B}.Debug|x86.Build.0 = Debug|Win32
		{9A9A0A01-B921-4785-8F71-362FBC508B9B}.Release|WIN32.ActiveCfg = Release|Win32
		{9A9A0A01-B921-4785-8F71-362FBC508B9B}.Release|WIN32.Build.0 = Release|Win32
		{9A9A0A01-B921-4785-8F71-362FBC508B9B}.Release|x64.ActiveCfg = Release|x64
		{9A9A0A01-B921-4785-8F71-362FBC508B9B}.Release|x64.Build.0 = Release|x64
		{9A9A0A01-B921-4785-8F71-362FBC508B9B}.Release|x86.ActiveCfg = Release|Win32
		{9A9A0A01-B921-4785-8F71-362FBC508B9B}.Release|x86.Build.0 = Release|Win32
		{E00AEDBF-CA63-4E1F-975A-E8CB144EA7F2}.Debug|WIN32.ActiveCfg = Debug|Win32
		{E00AEDBF-CA63-4E1F-975A-E8CB144EA7F2}.Debug|WIN32.Build.0 = Debug|Win32
		{E00AEDBF-CA63-4E1F-975A-E8CB144EA7F2}.Debug|x64.ActiveCfg = Debug|x64
		{E00AEDBF-CA63-4E1F-975A-E8CB144EA7F2}.Debug|x64.Build.0 = Debug|x64
		{E00AEDBF-CA63-4E1F-975A-E8CB144EA7F2}.Debug|x86.ActiveCfg = Debug|Win32
		{E00AEDBF-CA63-4E1F-975A-E8CB144EA7F2}.Debug|x86.Build.0 = Debug|Win32
		{E00AEDBF-CA63-4E1F-975A-E8CB144EA7F2}.Release|WIN32.ActiveCfg = Release|Win32
		{E00AEDBF-CA63-4E1F-975A-E8CB144EA7F2}.Release|WIN32.Build.0 = Release|Win32
		{E00AEDBF-CA63-4E1F-975A-E8CB144EA7F2}.Release|x64.ActiveCfg = Release|x64
		{E00AEDBF-CA63-4E1F-975A-E8CB144EA7F2}.Release|x64.Build.0 = Release|x64
		{E00AEDBF-CA63-4E1F-975A-E8CB144EA7F2}.Release|x86.ActiveCfg = Release|Win32
		{E00AEDBF-CA63-4E1F-975A-E8CB144EA7F2}.Release|x86.Build.0 = Release|Win32
		{8EB08747-9683-4954-B8A7-5E2B264A887D}.Debug|WIN32.ActiveCfg = Debug|Win32
		{8EB08747-9683-4954-B8A7-5E2B264A887D}.Debug|WIN32.Build.0 = Debug|Win32
		{8EB08747-9683-4954-B8A7-5E2B264A887D}.Debug|x64.ActiveCfg = Debug|x64
		{8EB08747-9683-4954-B8A7-5E2B264A887D}.Debug|x64.Build.0 = Debug|x64
		{8EB08747-9683-4954-B8A7-5E2B264A887D}.Debug|x86.ActiveCfg = Debug|Win32
		{8EB08747-9683-4954-B8A7-5E2B264A887D}.Debug|x86.Build.0 = Debug|Win32
		{8EB08747-9683-4954-B8A7-5E2B264A887D}.Release|WIN32.ActiveCfg = Release|Win32
		{8EB08747-9683-4954-B8A7-5E2B264A887D}.Release|WIN32.Build.0 = Release|Win32
		{8EB08747-9683-4954-B8A7-5E2B264A887D}.Release|x64.ActiveCfg = Release|x64
		{8EB08747-9683-4954-B8A7-5E2B264A887D}.Release|x64.Build.0 = Release|x64
		{8EB08747-9683-4954-B8A7-5E2B264A887D}.Release|x86.ActiveCfg = Release|Win32
		{8EB08747-9683-4954-B8A7-5E2B264A887D}.Release|x86.Build.0 = Release|Win32
		{A987D47E-6ED8-4D61-83DC-9FC7F45EA7FE}.Debug|WIN32.ActiveCfg = Debug|Win32
		{A987D47E-6ED8-4D61-83DC-9FC7F45EA7FE}.Debug|WIN32.Build.0 = Debug|Win32
		{A987D47E-6ED8-4D61-83DC-9FC7F45EA7FE}.Debug|x64.ActiveCfg = Debug|x64
		{A987D47E-6ED8-4D61-83DC-9FC7F45EA7FE}.Debug|x64.Build.0 = Debug|x64
		{A987D47E-6ED8-4D61-83DC-9FC7F45EA7FE}.Debug|x86.ActiveCfg = Debug|Win32
		{A987D47E-6ED8-4D61-83DC-9FC7F45EA7FE}.Debug|x86.Build.0 = Debug|Win32
		{A987D47E-6ED8-4D61-83DC-9FC7F45EA7FE}.Release|WIN32.ActiveCfg = Release|Win32
		{A987D47E-6ED8-4D61-83DC-9FC7F45EA7FE}.Release|WIN32.Build.0 = Release|Win32
		{A987D47E-6ED8-4D61-83DC-9FC7F45EA7FE}.Release|x64.ActiveCfg = Release|x64
		{A987D47E-6ED8-4D61-83DC-9FC7F45EA7FE}.Release|x64.Build.0 = Release|x64
		{A987D47E-6ED8-4D61-83DC-9FC7F45EA7FE}.Release|x86.ActiveCfg = Release|Win32
		{A987D47E-6ED8-4D61-83DC-9FC7F45EA7FE}.Release|x86.Build.0 = Release|Win32
		{5D3C066B-B7DC-4A96-89C7-43ADC43643DC}.Debug|WIN32.ActiveCfg = Debug|Win32
		{5D3C066B-B7DC-4A96-89C7-43ADC43643DC}.Debug|WIN32.Build.0 = Debug|Win32
		{5D3C066B-B7DC-4A96-89C7-43ADC43643DC}.Debug|x64.ActiveCfg = Debug|x64
		{5D3C066B-B7DC-4A96-89C7-43ADC43643DC}.Debug|x64.Build.0 = Debug|x64
		{5D3C066B-B7DC-4A96-89C7-43ADC43643DC}.Debug|x86.ActiveCfg = Debug|Win32
		{5D3C066B-B7DC-4A96-89C7-43ADC43643DC}.Debug|x86.Build.0 = Debug|Win32
		{5D3C066B-B7DC-4A96-89C7-43ADC43643DC}.Release|WIN32.ActiveCfg = Release|Win32
		{5D3C066B-B7DC-4A96-89C7-43ADC43643DC}.Release|WIN32.Build.0 = Release|Win32
		{5D3C066B-B7DC-4A96-89C7-43ADC43643DC}.Release|x64.ActiveCfg = Release|x64
		{5D3C066B-B7DC-4A96-89C7-43ADC43643DC}.Release|x64.Build.0 = Release|x64
		{5D3C066B-B7DC-4A96-89C7-43ADC43643DC}.Release|x86.ActiveCfg = Release|Win32
		{5D3C066B-B7DC-4A96-89C7-43ADC43643DC}.Release|x86.Build.0 = Release|Win32
		{C58649F2-A051-4424-87A2-1511F9963A06}.Debug|WIN32.ActiveCfg = Debug|Win32
		{C58649F2-A051-4424-87A2-1511F9963A06}.Debug|WIN32.Build.0 = Debug|Win32
		{C58649F2-A051-4424-87A2-1511F9963A06}.Debug|x64.ActiveCfg = Debug|x64
		{C58649F2-A051-4424-87A2-1511F9963A06}.Debug|x64.Build.0 = Debug|x64
		{C58649F2-A051-4424-87A2-1511F9963A06}.Debug|x86.ActiveCfg = Debug|Win32
		{C58649F2-A051-4424-87A2-1511F9963A06}.Debug|x86.Build.0 = Debug|Win32
		{C58649F2-A051-4424-87A2-1511F9963A06}.Release|WIN32.ActiveCfg = Release|Win32
		{C58649F2-A051-4424-87A2-1511F9963A06}.Release|WIN32.Build.0 = Release|Win32
		{C58649F2-A051-4424-87A2-1511F9963A06}.Release|x64.ActiveCfg = Release|x64
		{C58649F2-A051-4424-87A2-1511F9963A06}.Release|x64.Build.0 = Release|x64
		{C58649F2-A051-4424-87A2-1511F9963A06}.Release|x86.ActiveCfg = Release|Win32
		{C58649F2-A051-4424-87A2-1511F9963A06}.Release|x86.Build.0 = Release|Win32
		{D48B9F05-3E92-4CD3-9E7E-680F82B0EFA8}.Debug|WIN32.ActiveCfg = Debug|Win32
		{D48B9F05-3E92-4CD3-9E7E-680F82B0EFA8}.Debug|WIN32.Build.0 = Debug|Win32
		{D48B9F05-3E92-4CD3-9E7E-680F82B0EFA8}.Debug|x64.ActiveCfg = Debug|x64
		{D48B9F05-3E92-4CD3-9E7E-680F82B0EFA8}.Debug|x64.Build.0 = Debug|x64
		{D48B9F05-3E92-4CD3-9E7E-680F82B0EFA8}.Debug|x86.ActiveCfg = Debug|Win32
		{D48B9F05-3E92-4CD3-9E7E-680F82B0EFA8}.Debug|x86.Build.0 = Debug|Win32
		{D48B9F05-3E92-4CD3-9E7E-680F82B0EFA8}.Release|WIN32.ActiveCfg = Release|Win32
		{D48B9F05-3E92-4CD3-9E7E-680F82B0EFA8}.Release|WIN32.Build.0 = Release|Win32
		{D48B9F05-3E92-4CD3-9E7E-680F82B0EFA8}.Release|x64.ActiveCfg = Release|x64
		{D48B9F05-3E92-4CD3-9E7E-680F82B0EFA8}.Release|x64.Build.0 = Release|x64
		{D48B9F05-3E92-4CD3-9E7E-680F82B0EFA8}.Release|x86.ActiveCfg = Release|Win32
		{D48B9F05-3E92-4CD3-9E7E-680F82B0EFA8}.Release|x86.Build.0 = Release|Win32
		{CCE5DE2F-5ABF-495D-B20C-DB6EBCC5B33F}.Debug|WIN32.ActiveCfg = Debug|Win32
		{CCE5DE2F-5ABF-495D-B20C-DB6EBCC5B33F}.Debug|WIN32.Build.0 = Debug|Win32
		{CCE5DE2F-5ABF-495D-B20C-DB6EBCC5B33F}.Debug|x64.ActiveCfg = Debug|x64
		{CCE5DE2F-5ABF-495D-B20C-DB6EBCC5B33F}.Debug|x64.Build.0 = Debug|x64
		{CCE5DE2F-5ABF-495D-B20C-DB6EBCC5B33F}.Debug|x86.ActiveCfg = Debug|Win32
		{CCE5DE2F-5ABF-495D-B20C-DB6EBCC5B33F}.Debug|x86.Build.0 = Debug|Win32
		{CCE5DE2F-5ABF-495D-B20C-DB6EBCC5B33F}.Release|WIN32.ActiveCfg = Release|Win32
		{CCE5DE2F-5ABF-495D-B20C-DB6EBCC5B33F}.Release|WIN32.Build.0 = Release|Win32
		{CCE5DE2F-5ABF-495D-B20C-DB6EBCC5B33F}.Release|x64.ActiveCfg = Release|x64
		{CCE5DE2F-5ABF-495D-B20C-DB6EBCC5B33F}.Release|x64.Build.0 = Release|x64
		{CCE5DE2F-5ABF-495D-B20C-DB6EBCC5B33F}.Release|x86.ActiveCfg = Release|Win32
		{CCE5DE2F-5ABF-495D-B20C-DB6EBCC5B33F}.Release|x86.Build.0 = Release|Win32
		{2EFBF4B8-58D3-4F21-BDD3-A86E0B5EB938}.Debug|WIN32.ActiveCfg = Debug|Win32
		{2EFBF4B8-58D3-4F21-BDD3-A86E0B5EB938}.Debug|WIN32.Build.0 = Debug|Win32
		{2EFBF4B8-58D3-4F21-BDD3-A86E0B5EB938}.Debug|x64.ActiveCfg = Debug|x64
		{2EFBF4B8-58D3-4F21-BDD3-A86E0B5EB938}.Debug|x64.Build.0 = Debug|x64
		{2EFBF4B8-58D3-4F21-BDD3-A86E0B5EB938}.Debug|x86.ActiveCfg = Debug|Win32
		{2EFBF4B8-58D3-4F21-BDD3-A86E0B5EB938}.Debug|x86.Build.0 = Debug|Win32
		{2EFBF4B8-58D3-4F21-BDD3-A86E0B5EB938}.Release|WIN32.ActiveCfg = Release|Win32
		{2EFBF4B8-58D3-4F21-BDD3-A86E0B5EB938}.Release|WIN32.Build.0 = Release|Win32
		{2EFBF4B8-58D3-4F21-BDD3-A86E0B5EB938}.Release|x64.ActiveCfg = Release|x64
		{2EFBF4B8-58D3-4F21-BDD3-A86E0B5EB938}.Release|x64.Build.0 = Release|x64
		{2EFBF4B8-58D3-4F21-BDD3-A86E0B5EB938}.Release|x86.ActiveCfg = Release|Win32
		{2EFBF4B8-58D3-4F21-BDD3-A86E0B5EB938}.Release|x86.Build.0 = Release|Win32
		{FC22B2E7-C2F9-470E-BF95-2FA5BB77EF5B}.Debug|WIN32.ActiveCfg = Debug|Win32
		{FC22B2E7-C2F9-470E-BF95-2FA5BB77EF5B}.Debug|WIN32.Build.0 = Debug|Win32
		{FC22B2E7-C2F9-470E-BF95-2FA5BB77EF5B}.Debug|x64.ActiveCfg = Debug|x64
		{FC22B2E7-C2F9-470E-BF95-2FA5BB77EF5B}.Debug|x64.Build.0 = Debug|x64
		{FC22B2E7-C2F9-470E-BF95-2FA5BB77EF5B}.Debug|x86.ActiveCfg = Debug|Win32
		{FC22B2E7-C2F9-470E-BF95-2FA5BB77EF5B}.Debug|x86.Build.0 = Debug|Win32
		{FC22B2E7-C2F9-470E-BF95-2FA5BB77EF5B}.Release|WIN32.ActiveCfg = Release|Win32
		{FC22B2E7-C2F9-470E-BF95-2FA5BB77EF5B}.Release|WIN32.Build.0 = Release|Win32
		{FC22B2E7-C2F9-470E-BF95-2FA5BB77EF5B}.Release|x64.ActiveCfg = Release|x64
		{FC22B2E7-C2F9-470E-BF95-2FA5BB77EF5B}.Release|x64.Build.0 = Release|x64
		{FC22B2E7-C2F9-470E-BF95-2FA5BB77EF5B}.Release|x86.ActiveCfg = Release|Win32
		{FC22B2E7-C2F9-470E-BF95-2FA5BB77EF5B}.Release|x86.Build.0 = Release|Win32
		{C17F9E89-05DD-4E08-B7AA-38E058B951E4}.Debug|WIN32.ActiveCfg = Debug|Win32
		{C17F9E89-05DD-4E08-B7AA-38E058B951E4}.Debug|WIN32.Build.0 = Debug|Win32
		{C17F9E89-05DD-4E08-B7AA-38E058B951E4}.Debug|x64.ActiveCfg = Debug|x64
		{C17F9E89-05DD-4E08-B7AA-38E058B951E4}.Debug|x64.Build.0 = Debug|x64
		{C17F9E89-05DD-4E08-B7AA-38E058B951E4}.Debug|x86.ActiveCfg = Debug|Win32
		{C17F9E89-05DD-4E08-B7AA-38E058B951E4}.Debug|x86.Build.0 = Debug|Win32
		{C17F9E89-05DD-4E08-B7AA-38E058B951E4}.Release|WIN32.ActiveCfg = Release|Win32
		{C17F9E89-05DD-4E08-B7AA-38E058B951E4}.Release|WIN32.Build.0 = Release|Win32
		{C17F9E89-05DD-4E08-B7AA-38E058B951E4}.Release|x64.ActiveCfg = Release|x64
		{C17F9E89-05DD-4E08-B7AA-38E058B951E4}.Release|x64.Build.0 = Release|x64
		{C17F9E89-05DD-4E08-B7AA-38E058B951E4}.Release|x86.ActiveCfg = Release|Win32
		{C17F9E89-05DD-4E08-B7AA-38E058B951E4}.Release|x86.Build.0 = Release|Win32
		{3A227861-76C2-413C-8D0C-89AC4C581EA7}.Debug|WIN32.ActiveCfg = Debug|Win32
		{3A227861-76C2-413C-8D0C-89AC4C581EA7}.Debug|WIN32.Build.0 = Debug|Win32
		{3A227861-76C2-413C-8D0C-89AC4C581EA7}.Debug|x64.ActiveCfg = Debug|x64
		{3A227861-76C2-413C-8D0C-89AC4C581EA7}.Debug|x64.Build.0 = Debug|x64
		{3A227861-76C2-413C-8D0C-89AC4C581EA7}.Debug|x86.ActiveCfg = Debug|Win32
		{3A227861-76C2-413C-8D0C-89AC4C581EA7}.Debug|x86.Build.0 = Debug|Win32
		{3A227861-76C2-413C-8D0C-89AC4C581EA7}.Release|WIN32.ActiveCfg = Release|Win32
		{3A227861-76C2-413C-8D0C-89AC4C581EA7}.Release|WIN32.Build.0 = Release|Win32
		{3A227861-76C2-413C-8D0C-89AC4C581EA7}.Release|x64.ActiveCfg = Release|x64
		{3A227861-76C2-413C-8D0C-89AC4C581EA7}.Release|x64.Build.0 = Release|x64
		{3A227861-76C2-413C-8D0C-89AC4C581EA7}.Release|x86.ActiveCfg = Release|Win32
		{3A227861-76C2-413C-8D0C-89AC4C581EA7}.Release|x86.Build.0 = Release|Win32
		{BF29ED6C-3355-409F-9567-FC93E2C63BC8}.Debug|WIN32.ActiveCfg = Debug|Win32
		{BF29ED6C-3355-409F-9567-FC93E2C63BC8}.Debug|WIN32.Build.0 = Debug|Win32
		{BF29ED6C-3355-409F-9567-FC93E2C63BC8}.Debug|x64.ActiveCfg = Debug|x64
		{BF29ED6C-3355-409F-9567-FC93E2C63BC8}.Debug|x64.Build.0 = Debug|x64
		{BF29ED6C-3355-409F-9567-FC93E2C63BC8}.Debug|x86.ActiveCfg = Debug|Win32
		{BF29ED6C-3355-409F-9567-FC93E2C63BC8}.Debug|x86.Build.0 = Debug|Win32
		{BF29ED6C-3355-409F-9567-FC93E2C63BC8}.Release|WIN32.ActiveCfg = Release|Win32
		{BF29ED6C-3355-409F-9567-FC93E2C63BC8}.Release|WIN32.Build.0 = Release|Win32
		{BF29ED6C-3355-409F-9567-FC93E2C63BC8}.Release|x64.ActiveCfg = Release|x64
		{BF29ED6C-3355-409F-9567-FC93E2C63BC8}.Release|x64.Build.0 = Release|x64
		{BF29ED6C-3355-409F-9567-FC93E2C63BC8}.Release|x86.ActiveCfg = Release|Win32
		{BF29ED6C-3355-409F-9567-FC93E2C63BC8}.Release|x86.Build.0 = Release|Win32
		{4356114A-E343-4B65-8393-FF7D93F515EB}.Debug|WIN32.ActiveCfg = Debug|Win32
		{4356114A-E343-4B65-8393-FF7D93F515EB}.Debug|WIN32.Build.0 = Debug|Win32
		{4356114A-E343-4B65-8393-FF7D93F515EB}.Debug|x64.ActiveCfg = Debug|x64
		{4356114A-E343-4B65-8393-FF7D93F515EB}.Debug|x64.Build.0 = Debug|x64
		{4356114A-E343-4B65-8393-FF7D93F515EB}.Debug|x86.ActiveCfg = Debug|Win32
		{4356114A-E343-4B65-8393-FF7D93F515EB}.Debug|x86.Build.0 = Debug|Win32
		{4356114A-E343-4B65-8393-FF7D93F515EB}.Release|WIN32.ActiveCfg = Release|Win32
		{4356114A-E343-4B65-8393-FF7D93F515EB}.Release|WIN32.Build.0 = Release|Win32
		{4356114A-E343-4B65-8393-FF7D93F515EB}.Release|x64.ActiveCfg = Release|x64
		{4356114A-E343-4B65-8393-FF7D93F515EB}.Release|x64.Build.0 = Release|x64
		{4356114A-E343-4B65-8393-FF7D93F515EB}.Release|x86.ActiveCfg = Release|Win32
		{4356114A-E343-4B65-8393-FF7D93F515EB}.Release|x86.Build.0 = Release|Win32
		{9E1DA74F-AAC6-4397-A727-9469F2F34916}.Debug|WIN32.ActiveCfg = Debug|Win32
		{9E1DA74F-AAC6-4397-A727-9469F2F34916}.Debug|WIN32.Build.0 = Debug|Win32
		{9E1DA74F-AAC6-4397-A727-9469F2F34916}.Debug|x64.ActiveCfg = Debug|x64
		{9E1DA74F-AAC6-4397-A727-9469F2F34916}.Debug|x64.Build.0 = Debug|x64
		{9E1DA74F-AAC6-4397-A727-9469F2F34916}.Debug|x86.ActiveCfg = Debug|Win32
		{9E1DA74F-AAC6-4397-A727-9469F2F34916}.Debug|x86.Build.0 = Debug|Win32
		{9E1DA74F-AAC6-4397-A727-9469F2F34916}.Release|WIN32.ActiveCfg = Release|Win32
		{9E1DA74F-AAC6-4397-A727-9469F2F34916}.Release|WIN32.Build.0 = Release|Win32
		{9E1DA74F-AAC6-4397-A727-9469F2F34916}.Release|x64.ActiveCfg = Release|x64
		{9E1DA74F-AAC6-4397-A727-9469F2F34916}.Release|x64.Build.0 = Release|x64
		{9E1DA74F-AAC6-4397-A727-9469F2F34916}.Release|x86.ActiveCfg = Release|Win32
		{9E1DA74F-AAC6-4397-A727-9469F2F34916}.Release|x86.Build.0 = Release|Win32
		{AC6AFF28-8C14-49D4-A40C-23334D76B914}.Debug|WIN32.ActiveCfg = Debug|Win32
		{AC6AFF28-8C14-49D4-A40C-23334D76B914}.Debug|WIN32.Build.0 = Debug|Win32
		{AC6AFF28-8C14-49D4-A40C-23334D76B914}.Debug|x64.ActiveCfg = Debug|x64
		{AC6AFF28-8C14-49D4-A40C-23334D76B914}.Debug|x64.Build.0 = Debug|x64
		{AC6AFF28-8C14-49D4-A40C-23334D76B914}.Debug|x86.ActiveCfg = Debug|Win32
		{AC6AFF28-8C14-49D4-A40C-23334D76B914}.Debug|x86.Build.0 = Debug|Win32
		{AC6AFF28-8C14-49D4-A40C-23334D76B914}.Release|WIN32.ActiveCfg = Release|Win32
		{AC6AFF28-8C14-49D4-A40C-23334D76B914}.Release|WIN32.Build.0 = Release|Win32
		{AC6AFF28-8C14-49D4-A40C-23334D76B914}.Release|x64.ActiveCfg = Release|x64
		{AC6AFF28-8C14-49D4-A40C-23334D76B914}.Release|x64.Build.0 = Release|x64
		{AC6AFF28-8C14-49D4-A40C-23334D76B914}.Release|x86.ActiveCfg = Release|Win32
		{AC6AFF28-8C14-49D4-A40C-23334D76B914}.Release|x86.Build.0 = Release|Win32
		{FC258BB5-53B4-4399-A95C-628F630F3123}.Debug|WIN32.ActiveCfg = Debug|Win32
		{FC258BB5-53B4-4399-A95C-628F630F3123}.Debug|WIN32.Build.0 = Debug|Win32
		{FC258BB5-53B4-4399-A95C-628F630F3123}.Debug|x64.ActiveCfg = Debug|x64
		{FC258BB5-53B4-4399-A95C-628F630F3123}.Debug|x64.Build.0 = Debug|x64
		{FC258BB5-53B4-4399-A95C-628F630F3123}.Debug|x86.ActiveCfg = Debug|Win32
		{FC258BB5-53B4-4399-A95C-628F630F3123}.Debug|x86.Build.0 = Debug|Win32
		{FC258BB5-53B4-4399-A95C-628F630F3123}.Release|WIN32.ActiveCfg = Release|Win32
		{FC258BB5-53B4-4399-A95C-628F630F3123}.Release|WIN32.Build.0 = Release|Win32
		{FC258BB5-53B4-4399-A95C-628F630F3123}.Release|x64.ActiveCfg = Release|x64
		{FC258BB5-53B4-4399-A95C-628F630F3123}.Release|x64.Build.0 = Release|x64
		{FC258BB5-53B4-4399-A95C-628F630F3123}.Release|x86.ActiveCfg = Release|Win32
		{FC258BB5-53B4-4399-A95C-628F630F3123}.Release|x86.Build.0 = Release|Win32
	EndGlobalSection
	GlobalSection(SolutionProperties) = preSolution
		HideSolutionNode = FALSE
	EndGlobalSection
	GlobalSection(ExtensibilityGlobals) = postSolution
		SolutionGuid = {4CBE4484-160C-4B93-93FA-7232B64F31CC}
	EndGlobalSection
	GlobalSection(TeamFoundationVersionControl) = preSolution
		SccNumberOfProjects = 24
		SccEnterpriseProvider = {4CA58AB2-18FA-4F8D-95D4-32DDF27D184C}
		SccTeamFoundationServer = https://openeda.visualstudio.com/
		SccLocalPath0 = .
		SccProjectUniqueName1 = OpenEDA.structures\\OpenEDA.Structures.lib\\OpenEDA.Structures.lib.vcxproj
		SccProjectName1 = OpenEDA.structures/OpenEDA.Structures.lib
		SccLocalPath1 = OpenEDA.structures\\OpenEDA.Structures.lib
		SccProjectUniqueName2 = OpenEDA.Parser\\OpenEDA.Parser.lib\\OpenEDA.Parser.lib.vcxproj
		SccProjectName2 = OpenEDA.Parser/OpenEDA.Parser.lib
		SccLocalPath2 = OpenEDA.Parser\\OpenEDA.Parser.lib
		SccProjectUniqueName3 = main\\main.vcxproj
		SccProjectName3 = main
		SccLocalPath3 = main
		SccProjectUniqueName4 = OpenEDA.COP\\OpenEDA.COP.lib\\OpenEDA.COP.lib.vcxproj
		SccProjectName4 = OpenEDA.COP/OpenEDA.COP.lib
		SccLocalPath4 = OpenEDA.COP\\OpenEDA.COP.lib
		SccProjectUniqueName5 = OpenEDA.Faults\\OpenEDA.Faults.lib\\OpenEDA.Faults.lib.vcxproj
		SccProjectName5 = OpenEDA.Faults/OpenEDA.Faults.lib
		SccLocalPath5 = OpenEDA.Faults\\OpenEDA.Faults.lib
		SccProjectUniqueName6 = OpenEDA.PRPG\\OpenEDA.PRPG.lib\\OpenEDA.PRPG.lib.vcxproj
		SccProjectName6 = OpenEDA.PRPG/OpenEDA.PRPG.lib
		SccLocalPath6 = OpenEDA.PRPG\\OpenEDA.PRPG.lib
		SccProjectUniqueName7 = OpenEDA.Simulation\\OpenEDA.Simulation.lib\\OpenEDA.Simulation.lib.vcxproj
		SccProjectName7 = OpenEDA.Simulation/OpenEDA.Simulation.lib
		SccLocalPath7 = OpenEDA.Simulation\\OpenEDA.Simulation.lib
		SccProjectUniqueName8 = OpenEDA.TPI\\OpenEDA.TPI.lib\\OpenEDA.TPI.lib.vcxproj
		SccProjectName8 = OpenEDA.TPI/OpenEDA.TPI.lib
		SccLocalPath8 = OpenEDA.TPI\\OpenEDA.TPI.lib
		SccProjectUniqueName9 = OpenEDA.Parser\\OpenEDA.Parser.test\\OpenEDA.Parser.test.vcxproj
		SccProjectName9 = OpenEDA.Parser/OpenEDA.Parser.test
		SccLocalPath9 = OpenEDA.Parser\\OpenEDA.Parser.test
		SccProjectUniqueName10 = OpenEDA.COP\\OpenEDA.COP.tests\\OpenEDA.COP.tests.vcxproj
		SccProjectName10 = OpenEDA.COP/OpenEDA.COP.tests
		SccLocalPath10 = OpenEDA.COP\\OpenEDA.COP.tests
		SccProjectUniqueName11 = OpenEDA.PRPG\\OpenEDA.PRPG.tests\\OpenEDA.PRPG.tests.vcxproj
		SccProjectName11 = OpenEDA.PRPG/OpenEDA.PRPG.tests
		SccLocalPath11 = OpenEDA.PRPG\\OpenEDA.PRPG.tests
		SccProjectUniqueName12 = OpenEDA.Simulation\\OpenEDA.Simulation.tests\\OpenEDA.Simulation.tests.vcxproj
		SccProjectName12 = OpenEDA.Simulation/OpenEDA.Simulation.tests
		SccLocalPath12 = OpenEDA.Simulation\\OpenEDA.Simulation.tests
		SccProjectUniqueName13 = OpenEDA.structures\\OpenEDA.Structures.tests\\OpenEDA.Structures.tests.vcxproj
		SccProjectName13 = OpenEDA.structures/OpenEDA.Structures.tests
		SccLocalPath13 = OpenEDA.structures\\OpenEDA.Structures.tests
		SccProjectUniqueName14 = OpenEDA.Faults\\OpenEDA.Faults.tests\\OpenEDA.Faults.tests.vcxproj
		SccProjectName14 = OpenEDA.Faults/OpenEDA.Faults.tests
		SccLocalPath14 = OpenEDA.Faults\\OpenEDA.Faults.tests
		SccProjectUniqueName15 = OpenEDA.Expand\\OpenEDA.Expand.lib\\OpenEDA.Expand.lib.vcxproj
		SccProjectName15 = OpenEDA.Expand/OpenEDA.Expand.lib
		SccLocalPath15 = OpenEDA.Expand\\OpenEDA.Expand.lib
		SccProjectUniqueName16 = OpenEDA.Window\\OpenEDA.Window.lib\\OpenEDA.Window.lib.vcxproj
		SccProjectName16 = OpenEDA.Window/OpenEDA.Window.lib
		SccLocalPath16 = OpenEDA.Window\\OpenEDA.Window.lib
		SccProjectUniqueName17 = OpenEDA.Expand\\OpenEDA.Expand.tests\\OpenEDA.Expand.tests.vcxproj
		SccProjectName17 = OpenEDA.Expand/OpenEDA.Expand.tests
		SccLocalPath17 = OpenEDA.Expand\\OpenEDA.Expand.tests
		SccProjectUniqueName18 = OpenEDA.Window\\OpenEDA.Window.test\\OpenEDA.Window.test.vcxproj
		SccProjectName18 = OpenEDA.Window/OpenEDA.Window.test
		SccLocalPath18 = OpenEDA.Window\\OpenEDA.Window.test
		SccProjectUniqueName19 = OpenEDA.SAT\\DELETE.exe\\DELETE.exe.vcxproj
		SccProjectName19 = OpenEDA.SAT/DELETE.exe
		SccLocalPath19 = OpenEDA.SAT\\DELETE.exe
		SccProjectUniqueName20 = OpenEDA.ATPG\\OpenEDA.ATPG.lib\\OpenEDA.ATPG.lib.vcxproj
		SccProjectName20 = OpenEDA.ATPG/OpenEDA.ATPG.lib
		SccLocalPath20 = OpenEDA.ATPG\\OpenEDA.ATPG.lib
		SccProjectUniqueName21 = OpenEDA.SAT\\OpenEDA.SAT.lib\\OpenEDA.SAT.lib.vcxproj
		SccProjectName21 = OpenEDA.SAT/OpenEDA.SAT.lib
		SccLocalPath21 = OpenEDA.SAT\\OpenEDA.SAT.lib
		SccProjectUniqueName22 = OpenEDA.SAT\\OpenEDA.SAT.tests\\OpenEDA.SAT.tests.vcxproj
		SccProjectName22 = OpenEDA.SAT/OpenEDA.SAT.tests
		SccLocalPath22 = OpenEDA.SAT\\OpenEDA.SAT.tests
		SccProjectUniqueName23 = OpenEDA.ATPG\\OpenEDA.ATPG.tests\\OpenEDA.ATPG.tests.vcxproj
		SccProjectName23 = OpenEDA.ATPG/OpenEDA.ATPG.tests
		SccLocalPath23 = OpenEDA.ATPG\\OpenEDA.ATPG.tests
	EndGlobalSection
EndGlobal
